
Microsoft Visual Studio Solution File, Format Version 12.00
# Visual Studio Version 16
VisualStudioVersion = 16.0.29609.76
MinimumVisualStudioVersion = 10.0.40219.1
Project("{FAE04EC0-301F-11D3-BF4B-00C04F79EFBC}") = "LeetCodeMayChallengeDay1", "LeetCodeMayChallengeDay1\LeetCodeMayChallengeDay1.csproj", "{AF3F9854-895A-481C-9464-ABB4481AC955}"
EndProject
Project("{FAE04EC0-301F-11D3-BF4B-00C04F79EFBC}") = "LeetCodeMayChallengeDay2", "LeetCodeMayChallengeDay2\LeetCodeMayChallengeDay2.csproj", "{A71990B9-03E2-4108-A35B-5625410C9DE3}"
EndProject
Project("{FAE04EC0-301F-11D3-BF4B-00C04F79EFBC}") = "LeetCodeMayChallengeDay3", "LeetCodeMayChallengeDay3\LeetCodeMayChallengeDay3.csproj", "{D91774F2-AD8F-46D1-B3BF-3FD8628BF7DA}"
EndProject
Project("{FAE04EC0-301F-11D3-BF4B-00C04F79EFBC}") = "LeetCodeMayChallengeDay4", "LeetCodeMayChallengeDay4\LeetCodeMayChallengeDay4.csproj", "{C317B21E-4B2E-4805-A2DA-8F9DFC540F09}"
EndProject
Project("{FAE04EC0-301F-11D3-BF4B-00C04F79EFBC}") = "LeetCodeMayChallengeDay5", "LeetCodeMayChallengeDay5\LeetCodeMayChallengeDay5.csproj", "{266C8D8F-A2F1-436F-9FE0-9997521D2125}"
EndProject
Project("{FAE04EC0-301F-11D3-BF4B-00C04F79EFBC}") = "LeetCodeMayChallengeDay6", "LeetCodeMayChallengeDay6\LeetCodeMayChallengeDay6.csproj", "{1A5CBD25-09C0-4E31-AF2C-ADC391C557EE}"
EndProject
Project("{FAE04EC0-301F-11D3-BF4B-00C04F79EFBC}") = "LeetCodeMayChallengeDay7", "LeetCodeMayChallengeDay7\LeetCodeMayChallengeDay7.csproj", "{EB3B0232-CF44-4B6B-BFA1-1C018903BB61}"
EndProject
Project("{FAE04EC0-301F-11D3-BF4B-00C04F79EFBC}") = "LeetCodeMayChallengeDay10", "LeetCodeMayChallengeDay10\LeetCodeMayChallengeDay10.csproj", "{8CA3F0CD-A1AA-41ED-8E87-689982FDB11F}"
EndProject
Project("{FAE04EC0-301F-11D3-BF4B-00C04F79EFBC}") = "LeetCodeMayChallengeDay11", "LeetCodeMayChallengeDay11\LeetCodeMayChallengeDay11.csproj", "{3201C81A-4BD4-4CE5-B9DB-CD56FF02DBD0}"
EndProject
Project("{FAE04EC0-301F-11D3-BF4B-00C04F79EFBC}") = "LeetCodeMayChallengeDay12", "LeetCodeMayChallengeDay12\LeetCodeMayChallengeDay12.csproj", "{08CFE6A7-BE29-4100-A477-D87CE4682C5F}"
EndProject
Project("{FAE04EC0-301F-11D3-BF4B-00C04F79EFBC}") = "RemoveKDigits", "RemoveKDigits\RemoveKDigits.csproj", "{3E200FF4-0D61-4CAB-AAD5-ED2FCE9DF8AF}"
EndProject
Project("{9A19103F-16F7-4668-BE54-9A1E7A4F7556}") = "OddEvenLinkedList", "OddEvenLinkedList\OddEvenLinkedList.csproj", "{A974575A-C7B2-4EEB-AD8F-A06C10CBFC18}"
EndProject
Project("{9A19103F-16F7-4668-BE54-9A1E7A4F7556}") = "AnagramsInString", "AnagramsInString\AnagramsInString.csproj", "{675DAB12-5B76-4127-9C06-8A48FE683EFE}"
EndProject
Project("{9A19103F-16F7-4668-BE54-9A1E7A4F7556}") = "PermutationInString", "PermutationInString\PermutationInString.csproj", "{6EAC4133-A398-4D8A-B5A1-E2CF28968982}"
EndProject
Project("{FAE04EC0-301F-11D3-BF4B-00C04F79EFBC}") = "FrequencySort", "FrequencySort\FrequencySort.csproj", "{BE658095-42CB-4695-B952-2D962F0CA11E}"
EndProject
Global
	GlobalSection(SolutionConfigurationPlatforms) = preSolution
		Debug|Any CPU = Debug|Any CPU
		Release|Any CPU = Release|Any CPU
	EndGlobalSection
	GlobalSection(ProjectConfigurationPlatforms) = postSolution
		{AF3F9854-895A-481C-9464-ABB4481AC955}.Debug|Any CPU.ActiveCfg = Debug|Any CPU
		{AF3F9854-895A-481C-9464-ABB4481AC955}.Debug|Any CPU.Build.0 = Debug|Any CPU
		{AF3F9854-895A-481C-9464-ABB4481AC955}.Release|Any CPU.ActiveCfg = Release|Any CPU
		{AF3F9854-895A-481C-9464-ABB4481AC955}.Release|Any CPU.Build.0 = Release|Any CPU
		{A71990B9-03E2-4108-A35B-5625410C9DE3}.Debug|Any CPU.ActiveCfg = Debug|Any CPU
		{A71990B9-03E2-4108-A35B-5625410C9DE3}.Debug|Any CPU.Build.0 = Debug|Any CPU
		{A71990B9-03E2-4108-A35B-5625410C9DE3}.Release|Any CPU.ActiveCfg = Release|Any CPU
		{A71990B9-03E2-4108-A35B-5625410C9DE3}.Release|Any CPU.Build.0 = Release|Any CPU
		{D91774F2-AD8F-46D1-B3BF-3FD8628BF7DA}.Debug|Any CPU.ActiveCfg = Debug|Any CPU
		{D91774F2-AD8F-46D1-B3BF-3FD8628BF7DA}.Debug|Any CPU.Build.0 = Debug|Any CPU
		{D91774F2-AD8F-46D1-B3BF-3FD8628BF7DA}.Release|Any CPU.ActiveCfg = Release|Any CPU
		{D91774F2-AD8F-46D1-B3BF-3FD8628BF7DA}.Release|Any CPU.Build.0 = Release|Any CPU
		{C317B21E-4B2E-4805-A2DA-8F9DFC540F09}.Debug|Any CPU.ActiveCfg = Debug|Any CPU
		{C317B21E-4B2E-4805-A2DA-8F9DFC540F09}.Debug|Any CPU.Build.0 = Debug|Any CPU
		{C317B21E-4B2E-4805-A2DA-8F9DFC540F09}.Release|Any CPU.ActiveCfg = Release|Any CPU
		{C317B21E-4B2E-4805-A2DA-8F9DFC540F09}.Release|Any CPU.Build.0 = Release|Any CPU
		{266C8D8F-A2F1-436F-9FE0-9997521D2125}.Debug|Any CPU.ActiveCfg = Debug|Any CPU
		{266C8D8F-A2F1-436F-9FE0-9997521D2125}.Debug|Any CPU.Build.0 = Debug|Any CPU
		{266C8D8F-A2F1-436F-9FE0-9997521D2125}.Release|Any CPU.ActiveCfg = Release|Any CPU
		{266C8D8F-A2F1-436F-9FE0-9997521D2125}.Release|Any CPU.Build.0 = Release|Any CPU
		{1A5CBD25-09C0-4E31-AF2C-ADC391C557EE}.Debug|Any CPU.ActiveCfg = Debug|Any CPU
		{1A5CBD25-09C0-4E31-AF2C-ADC391C557EE}.Debug|Any CPU.Build.0 = Debug|Any CPU
		{1A5CBD25-09C0-4E31-AF2C-ADC391C557EE}.Release|Any CPU.ActiveCfg = Release|Any CPU
		{1A5CBD25-09C0-4E31-AF2C-ADC391C557EE}.Release|Any CPU.Build.0 = Release|Any CPU
		{EB3B0232-CF44-4B6B-BFA1-1C018903BB61}.Debug|Any CPU.ActiveCfg = Debug|Any CPU
		{EB3B0232-CF44-4B6B-BFA1-1C018903BB61}.Debug|Any CPU.Build.0 = Debug|Any CPU
		{EB3B0232-CF44-4B6B-BFA1-1C018903BB61}.Release|Any CPU.ActiveCfg = Release|Any CPU
		{EB3B0232-CF44-4B6B-BFA1-1C018903BB61}.Release|Any CPU.Build.0 = Release|Any CPU
		{8CA3F0CD-A1AA-41ED-8E87-689982FDB11F}.Debug|Any CPU.ActiveCfg = Debug|Any CPU
		{8CA3F0CD-A1AA-41ED-8E87-689982FDB11F}.Debug|Any CPU.Build.0 = Debug|Any CPU
		{8CA3F0CD-A1AA-41ED-8E87-689982FDB11F}.Release|Any CPU.ActiveCfg = Release|Any CPU
		{8CA3F0CD-A1AA-41ED-8E87-689982FDB11F}.Release|Any CPU.Build.0 = Release|Any CPU
		{3201C81A-4BD4-4CE5-B9DB-CD56FF02DBD0}.Debug|Any CPU.ActiveCfg = Debug|Any CPU
		{3201C81A-4BD4-4CE5-B9DB-CD56FF02DBD0}.Debug|Any CPU.Build.0 = Debug|Any CPU
		{3201C81A-4BD4-4CE5-B9DB-CD56FF02DBD0}.Release|Any CPU.ActiveCfg = Release|Any CPU
		{3201C81A-4BD4-4CE5-B9DB-CD56FF02DBD0}.Release|Any CPU.Build.0 = Release|Any CPU
		{08CFE6A7-BE29-4100-A477-D87CE4682C5F}.Debug|Any CPU.ActiveCfg = Debug|Any CPU
		{08CFE6A7-BE29-4100-A477-D87CE4682C5F}.Debug|Any CPU.Build.0 = Debug|Any CPU
		{08CFE6A7-BE29-4100-A477-D87CE4682C5F}.Release|Any CPU.ActiveCfg = Release|Any CPU
		{08CFE6A7-BE29-4100-A477-D87CE4682C5F}.Release|Any CPU.Build.0 = Release|Any CPU
		{3E200FF4-0D61-4CAB-AAD5-ED2FCE9DF8AF}.Debug|Any CPU.ActiveCfg = Debug|Any CPU
		{3E200FF4-0D61-4CAB-AAD5-ED2FCE9DF8AF}.Debug|Any CPU.Build.0 = Debug|Any CPU
		{3E200FF4-0D61-4CAB-AAD5-ED2FCE9DF8AF}.Release|Any CPU.ActiveCfg = Release|Any CPU
		{3E200FF4-0D61-4CAB-AAD5-ED2FCE9DF8AF}.Release|Any CPU.Build.0 = Release|Any CPU
		{A974575A-C7B2-4EEB-AD8F-A06C10CBFC18}.Debug|Any CPU.ActiveCfg = Debug|Any CPU
		{A974575A-C7B2-4EEB-AD8F-A06C10CBFC18}.Debug|Any CPU.Build.0 = Debug|Any CPU
		{A974575A-C7B2-4EEB-AD8F-A06C10CBFC18}.Release|Any CPU.ActiveCfg = Release|Any CPU
		{A974575A-C7B2-4EEB-AD8F-A06C10CBFC18}.Release|Any CPU.Build.0 = Release|Any CPU
		{675DAB12-5B76-4127-9C06-8A48FE683EFE}.Debug|Any CPU.ActiveCfg = Debug|Any CPU
		{675DAB12-5B76-4127-9C06-8A48FE683EFE}.Debug|Any CPU.Build.0 = Debug|Any CPU
		{675DAB12-5B76-4127-9C06-8A48FE683EFE}.Release|Any CPU.ActiveCfg = Release|Any CPU
		{675DAB12-5B76-4127-9C06-8A48FE683EFE}.Release|Any CPU.Build.0 = Release|Any CPU
		{6EAC4133-A398-4D8A-B5A1-E2CF28968982}.Debug|Any CPU.ActiveCfg = Debug|Any CPU
		{6EAC4133-A398-4D8A-B5A1-E2CF28968982}.Debug|Any CPU.Build.0 = Debug|Any CPU
		{6EAC4133-A398-4D8A-B5A1-E2CF28968982}.Release|Any CPU.ActiveCfg = Release|Any CPU
		{6EAC4133-A398-4D8A-B5A1-E2CF28968982}.Release|Any CPU.Build.0 = Release|Any CPU
		{BE658095-42CB-4695-B952-2D962F0CA11E}.Debug|Any CPU.ActiveCfg = Debug|Any CPU
		{BE658095-42CB-4695-B952-2D962F0CA11E}.Debug|Any CPU.Build.0 = Debug|Any CPU
		{BE658095-42CB-4695-B952-2D962F0CA11E}.Release|Any CPU.ActiveCfg = Release|Any CPU
		{BE658095-42CB-4695-B952-2D962F0CA11E}.Release|Any CPU.Build.0 = Release|Any CPU
	EndGlobalSection
	GlobalSection(SolutionProperties) = preSolution
		HideSolutionNode = FALSE
	EndGlobalSection
	GlobalSection(ExtensibilityGlobals) = postSolution
		SolutionGuid = {6FBEC69F-4539-466C-ABBB-C95559E70B09}
	EndGlobalSection
EndGlobal
