
Microsoft Visual Studio Solution File, Format Version 12.00
# Visual Studio Version 16
VisualStudioVersion = 16.0.29609.76
MinimumVisualStudioVersion = 10.0.40219.1
Project("{FAE04EC0-301F-11D3-BF4B-00C04F79EFBC}") = "LeetCodeMayChallengeDay1", "LeetCodeMayChallengeDay1\LeetCodeMayChallengeDay1.csproj", "{AF3F9854-895A-481C-9464-ABB4481AC955}"
EndProject
Project("{FAE04EC0-301F-11D3-BF4B-00C04F79EFBC}") = "LeetCodeMayChallengeDay2", "LeetCodeMayChallengeDay2\LeetCodeMayChallengeDay2.csproj", "{A71990B9-03E2-4108-A35B-5625410C9DE3}"
EndProject
Project("{FAE04EC0-301F-11D3-BF4B-00C04F79EFBC}") = "LeetCodeMayChallengeDay3", "LeetCodeMayChallengeDay3\LeetCodeMayChallengeDay3.csproj", "{D91774F2-AD8F-46D1-B3BF-3FD8628BF7DA}"
EndProject
Global
	GlobalSection(SolutionConfigurationPlatforms) = preSolution
		Debug|Any CPU = Debug|Any CPU
		Release|Any CPU = Release|Any CPU
	EndGlobalSection
	GlobalSection(ProjectConfigurationPlatforms) = postSolution
		{AF3F9854-895A-481C-9464-ABB4481AC955}.Debug|Any CPU.ActiveCfg = Debug|Any CPU
		{AF3F9854-895A-481C-9464-ABB4481AC955}.Debug|Any CPU.Build.0 = Debug|Any CPU
		{AF3F9854-895A-481C-9464-ABB4481AC955}.Release|Any CPU.ActiveCfg = Release|Any CPU
		{AF3F9854-895A-481C-9464-ABB4481AC955}.Release|Any CPU.Build.0 = Release|Any CPU
		{A71990B9-03E2-4108-A35B-5625410C9DE3}.Debug|Any CPU.ActiveCfg = Debug|Any CPU
		{A71990B9-03E2-4108-A35B-5625410C9DE3}.Debug|Any CPU.Build.0 = Debug|Any CPU
		{A71990B9-03E2-4108-A35B-5625410C9DE3}.Release|Any CPU.ActiveCfg = Release|Any CPU
		{A71990B9-03E2-4108-A35B-5625410C9DE3}.Release|Any CPU.Build.0 = Release|Any CPU
		{D91774F2-AD8F-46D1-B3BF-3FD8628BF7DA}.Debug|Any CPU.ActiveCfg = Debug|Any CPU
		{D91774F2-AD8F-46D1-B3BF-3FD8628BF7DA}.Debug|Any CPU.Build.0 = Debug|Any CPU
		{D91774F2-AD8F-46D1-B3BF-3FD8628BF7DA}.Release|Any CPU.ActiveCfg = Release|Any CPU
		{D91774F2-AD8F-46D1-B3BF-3FD8628BF7DA}.Release|Any CPU.Build.0 = Release|Any CPU
	EndGlobalSection
	GlobalSection(SolutionProperties) = preSolution
		HideSolutionNode = FALSE
	EndGlobalSection
	GlobalSection(ExtensibilityGlobals) = postSolution
		SolutionGuid = {6FBEC69F-4539-466C-ABBB-C95559E70B09}
	EndGlobalSection
EndGlobal
